PODS:
  - Gloss (2.1.0)
  - Kingfisher (5.1.0)
  - NVActivityIndicatorView (4.5.1):
    - NVActivityIndicatorView/Presenter (= 4.5.1)
  - NVActivityIndicatorView/Presenter (4.5.1)
  - SwiftKeychainWrapper (3.2.0)
  - SwiftPhoneNumberFormatter (1.5)
  - TextFieldEffects (1.5.1)

DEPENDENCIES:
  - Gloss (~> 2.0)
  - Kingfisher (~> 5.0)
  - NVActivityIndicatorView
  - SwiftKeychainWrapper
  - SwiftPhoneNumberFormatter
  - TextFieldEffects

SPEC REPOS:
  https://github.com/cocoapods/specs.git:
    - Gloss
    - Kingfisher
    - NVActivityIndicatorView
    - SwiftKeychainWrapper
    - SwiftPhoneNumberFormatter
    - TextFieldEffects

SPEC CHECKSUMS:
  Gloss: 13ab6b4b0ff4cb2448466edc957479b1bccea8ba
  Kingfisher: fcec238063d17404fca89bf0a850583211c4cbf6
  NVActivityIndicatorView: ec34a7b88c51fab270004a1a1f32116e711010cd
  SwiftKeychainWrapper: 82c4c02cdc36f9a24f7edfcaab3e336401caa1a1
  SwiftPhoneNumberFormatter: 0cc91f4daa06dd606a9defb21048a75c36a771a2
  TextFieldEffects: 7d372f58aeaf9acd9626bbf962680aef926b085d

PODFILE CHECKSUM: 790899a9a162b6406b62a70fdd6b40a9a98175df

COCOAPODS: 1.5.3
